
Microsoft Visual Studio Solution File, Format Version 12.00
# Visual Studio 15
VisualStudioVersion = 15.0.28307.757
MinimumVisualStudioVersion = 10.0.40219.1
Project("{FAE04EC0-301F-11D3-BF4B-00C04F79EFBC}") = "BloggingAPI", "BloggingAPI\BloggingAPI.csproj", "{0C320ADA-2F3E-42E5-921A-0F5BCAA9A012}"
EndProject
Global
	GlobalSection(SolutionConfigurationPlatforms) = preSolution
		Debug|Any CPU = Debug|Any CPU
		Release|Any CPU = Release|Any CPU
	EndGlobalSection
	GlobalSection(ProjectConfigurationPlatforms) = postSolution
		{0C320ADA-2F3E-42E5-921A-0F5BCAA9A012}.Debug|Any CPU.ActiveCfg = Debug|Any CPU
		{0C320ADA-2F3E-42E5-921A-0F5BCAA9A012}.Debug|Any CPU.Build.0 = Debug|Any CPU
		{0C320ADA-2F3E-42E5-921A-0F5BCAA9A012}.Release|Any CPU.ActiveCfg = Release|Any CPU
		{0C320ADA-2F3E-42E5-921A-0F5BCAA9A012}.Release|Any CPU.Build.0 = Release|Any CPU
	EndGlobalSection
	GlobalSection(SolutionProperties) = preSolution
		HideSolutionNode = FALSE
	EndGlobalSection
	GlobalSection(ExtensibilityGlobals) = postSolution
		SolutionGuid = {62E8A00D-31BA-4251-B111-8C0F14F90727}
	EndGlobalSection
EndGlobal
